
Microsoft Visual Studio Solution File, Format Version 12.00
# Visual Studio Version 16
VisualStudioVersion = 16.0.29424.173
MinimumVisualStudioVersion = 10.0.40219.1
Project("{FAE04EC0-301F-11D3-BF4B-00C04F79EFBC}") = "CgStairFinder", "CgStairFinder/CgStairFinder.csproj", "{084E0E99-6D15-497D-AB81-F4D24C61E42E}"
EndProject
Global
	GlobalSection(SolutionConfigurationPlatforms) = preSolution
		Debug|Any CPU = Debug|Any CPU
		Release|Any CPU = Release|Any CPU
	EndGlobalSection
	GlobalSection(ProjectConfigurationPlatforms) = postSolution
		{084E0E99-6D15-497D-AB81-F4D24C61E42E}.Debug|Any CPU.ActiveCfg = Debug|Any CPU
		{084E0E99-6D15-497D-AB81-F4D24C61E42E}.Debug|Any CPU.Build.0 = Debug|Any CPU
		{084E0E99-6D15-497D-AB81-F4D24C61E42E}.Release|Any CPU.ActiveCfg = Release|Any CPU
		{084E0E99-6D15-497D-AB81-F4D24C61E42E}.Release|Any CPU.Build.0 = Release|Any CPU
	EndGlobalSection
	GlobalSection(SolutionProperties) = preSolution
		HideSolutionNode = FALSE
	EndGlobalSection
	GlobalSection(ExtensibilityGlobals) = postSolution
		SolutionGuid = {E2E8F022-C214-4DD1-9C75-C96483CAB2EB}
	EndGlobalSection
EndGlobal
